PODS:
  - Alamofire (5.4.3)
  - connectivity (0.0.1):
    - Flutter
    - Reachability
  - Flutter (1.0.0)
  - flutter_mailer (0.0.1):
    - Flutter
  - flutter_vibrate (0.0.1):
    - Flutter
  - FMDB (2.7.5):
    - FMDB/standard (= 2.7.5)
  - FMDB/standard (2.7.5)
  - in_app_review (0.2.0):
    - Flutter
  - package_info (0.0.1):
    - Flutter
  - path_provider_ios (0.0.1):
    - Flutter
  - Reachability (3.2)
  - sensors_plus (0.0.1):
    - Flutter
  - shared_preferences_ios (0.0.1):
    - Flutter
  - sqflite (0.0.2):
    - Flutter
    - FMDB (>= 2.7.5)
  - url_launcher_ios (0.0.1):
    - Flutter
  - wakelock (0.0.1):
    - Flutter

DEPENDENCIES:
  - Alamofire (~> 5.0)
  - connectivity (from `.symlinks/plugins/connectivity/ios`)
  - Flutter (from `Flutter`)
  - flutter_mailer (from `.symlinks/plugins/flutter_mailer/ios`)
  - flutter_vibrate (from `.symlinks/plugins/flutter_vibrate/ios`)
  - in_app_review (from `.symlinks/plugins/in_app_review/ios`)
  - package_info (from `.symlinks/plugins/package_info/ios`)
  - path_provider_ios (from `.symlinks/plugins/path_provider_ios/ios`)
  - sensors_plus (from `.symlinks/plugins/sensors_plus/ios`)
  - shared_preferences_ios (from `.symlinks/plugins/shared_preferences_ios/ios`)
  - sqflite (from `.symlinks/plugins/sqflite/ios`)
  - url_launcher_ios (from `.symlinks/plugins/url_launcher_ios/ios`)
  - wakelock (from `.symlinks/plugins/wakelock/ios`)

SPEC REPOS:
  trunk:
    - Alamofire
    - FMDB
    - Reachability

EXTERNAL SOURCES:
  connectivity:
    :path: ".symlinks/plugins/connectivity/ios"
  Flutter:
    :path: Flutter
  flutter_mailer:
    :path: ".symlinks/plugins/flutter_mailer/ios"
  flutter_vibrate:
    :path: ".symlinks/plugins/flutter_vibrate/ios"
  in_app_review:
    :path: ".symlinks/plugins/in_app_review/ios"
  package_info:
    :path: ".symlinks/plugins/package_info/ios"
  path_provider_ios:
    :path: ".symlinks/plugins/path_provider_ios/ios"
  sensors_plus:
    :path: ".symlinks/plugins/sensors_plus/ios"
  shared_preferences_ios:
    :path: ".symlinks/plugins/shared_preferences_ios/ios"
  sqflite:
    :path: ".symlinks/plugins/sqflite/ios"
  url_launcher_ios:
    :path: ".symlinks/plugins/url_launcher_ios/ios"
  wakelock:
    :path: ".symlinks/plugins/wakelock/ios"

SPEC CHECKSUMS:
  Alamofire: e447a2774a40c996748296fa2c55112fdbbc42f9
  connectivity: c4130b2985d4ef6fd26f9702e886bd5260681467
  Flutter: f04841e97a9d0b0a8025694d0796dd46242b2854
  flutter_mailer: 2ef5a67087bc8c6c4cefd04a178bf1ae2c94cd83
  flutter_vibrate: c0ca4ac994ff97c3f147f69865458bbc0cc3508b
  FMDB: 2ce00b547f966261cd18927a3ddb07cb6f3db82a
  in_app_review: 4a97249f7a2f539a0f294c2d9196b7fe35e49541
  package_info: 873975fc26034f0b863a300ad47e7f1ac6c7ec62
  path_provider_ios: 14f3d2fd28c4fdb42f44e0f751d12861c43cee02
  Reachability: 33e18b67625424e47b6cde6d202dce689ad7af96
  sensors_plus: 5717760720f7e6acd96fdbd75b7428f5ad755ec2
  shared_preferences_ios: 548a61f8053b9b8a49ac19c1ffbc8b92c50d68ad
  sqflite: 6d358c025f5b867b29ed92fc697fd34924e11904
  url_launcher_ios: 839c58cdb4279282219f5e248c3321761ff3c4de
  wakelock: d0fc7c864128eac40eba1617cb5264d9c940b46f

PODFILE CHECKSUM: 7d6f661ad95d30c1dc49fe98cbb80d5544f36bb5

COCOAPODS: 1.11.3
